// !$*UTF8*$!
{
	archiveVersion = 1;
	classes = {
	};
	objectVersion = 50;
	objects = {

/* Begin PBXBuildFile section */
		F4B2AE0B25FCBA8D00933CB5 /* AppDelegate.swift in Sources */ = {isa = PBXBuildFile; fileRef = F4B2AE0A25FCBA8D00933CB5 /* AppDelegate.swift */; };
		F4B2AE0F25FCBA8D00933CB5 /* ViewController.swift in Sources */ = {isa = PBXBuildFile; fileRef = F4B2AE0E25FCBA8D00933CB5 /* ViewController.swift */; };
		F4B2AE1225FCBA8D00933CB5 /* Main.storyboard in Resources */ = {isa = PBXBuildFile; fileRef = F4B2AE1025FCBA8D00933CB5 /* Main.storyboard */; };
		F4B2AE1425FCBA9000933CB5 /* Assets.xcassets in Resources */ = {isa = PBXBuildFile; fileRef = F4B2AE1325FCBA9000933CB5 /* Assets.xcassets */; };
		F4B2AE1725FCBA9000933CB5 /* LaunchScreen.storyboard in Resources */ = {isa = PBXBuildFile; fileRef = F4B2AE1525FCBA9000933CB5 /* LaunchScreen.storyboard */; };
		F4B2AE2225FCBA9000933CB5 /* SmartCameraTests.swift in Sources */ = {isa = PBXBuildFile; fileRef = F4B2AE2125FCBA9000933CB5 /* SmartCameraTests.swift */; };
		F4B2AE2D25FCBA9000933CB5 /* SmartCameraUITests.swift in Sources */ = {isa = PBXBuildFile; fileRef = F4B2AE2C25FCBA9000933CB5 /* SmartCameraUITests.swift */; };
		F4B2AE4125FCBB3900933CB5 /* FilterCollectionViewCell.swift in Sources */ = {isa = PBXBuildFile; fileRef = F4B2AE4025FCBB3900933CB5 /* FilterCollectionViewCell.swift */; };
/* End PBXBuildFile section */

/* Begin PBXContainerItemProxy section */
		F4B2AE1E25FCBA9000933CB5 /* PBXContainerItemProxy */ = {
			isa = PBXContainerItemProxy;
			containerPortal = F4B2ADFF25FCBA8D00933CB5 /* Project object */;
			proxyType = 1;
			remoteGlobalIDString = F4B2AE0625FCBA8D00933CB5;
			remoteInfo = SmartCamera;
		};
		F4B2AE2925FCBA9000933CB5 /* PBXContainerItemProxy */ = {
			isa = PBXContainerItemProxy;
			containerPortal = F4B2ADFF25FCBA8D00933CB5 /* Project object */;
			proxyType = 1;
			remoteGlobalIDString = F4B2AE0625FCBA8D00933CB5;
			remoteInfo = SmartCamera;
		};
/* End PBXContainerItemProxy section */

/* Begin PBXFileReference section */
		F4B2AE0725FCBA8D00933CB5 /* SmartCamera.app */ = {isa = PBXFileReference; explicitFileType = wrapper.application; includeInIndex = 0; path = SmartCamera.app; sourceTree = BUILT_PRODUCTS_DIR; };
		F4B2AE0A25FCBA8D00933CB5 /* AppDelegate.swift */ = {isa = PBXFileReference; lastKnownFileType = sourcecode.swift; path = AppDelegate.swift; sourceTree = "<group>"; };
		F4B2AE0E25FCBA8D00933CB5 /* ViewController.swift */ = {isa = PBXFileReference; lastKnownFileType = sourcecode.swift; path = ViewController.swift; sourceTree = "<group>"; };
		F4B2AE1125FCBA8D00933CB5 /* Base */ = {isa = PBXFileReference; lastKnownFileType = file.storyboard; name = Base; path = Base.lproj/Main.storyboard; sourceTree = "<group>"; };
		F4B2AE1325FCBA9000933CB5 /* Assets.xcassets */ = {isa = PBXFileReference; lastKnownFileType = folder.assetcatalog; path = Assets.xcassets; sourceTree = "<group>"; };
		F4B2AE1625FCBA9000933CB5 /* Base */ = {isa = PBXFileReference; lastKnownFileType = file.storyboard; name = Base; path = Base.lproj/LaunchScreen.storyboard; sourceTree = "<group>"; };
		F4B2AE1825FCBA9000933CB5 /* Info.plist */ = {isa = PBXFileReference; lastKnownFileType = text.plist.xml; path = Info.plist; sourceTree = "<group>"; };
		F4B2AE1D25FCBA9000933CB5 /* SmartCameraTests.xctest */ = {isa = PBXFileReference; explicitFileType = wrapper.cfbundle; includeInIndex = 0; path = SmartCameraTests.xctest; sourceTree = BUILT_PRODUCTS_DIR; };
		F4B2AE2125FCBA9000933CB5 /* SmartCameraTests.swift */ = {isa = PBXFileReference; lastKnownFileType = sourcecode.swift; path = SmartCameraTests.swift; sourceTree = "<group>"; };
		F4B2AE2325FCBA9000933CB5 /* Info.plist */ = {isa = PBXFileReference; lastKnownFileType = text.plist.xml; path = Info.plist; sourceTree = "<group>"; };
		F4B2AE2825FCBA9000933CB5 /* SmartCameraUITests.xctest */ = {isa = PBXFileReference; explicitFileType = wrapper.cfbundle; includeInIndex = 0; path = SmartCameraUITests.xctest; sourceTree = BUILT_PRODUCTS_DIR; };
		F4B2AE2C25FCBA9000933CB5 /* SmartCameraUITests.swift */ = {isa = PBXFileReference; lastKnownFileType = sourcecode.swift; path = SmartCameraUITests.swift; sourceTree = "<group>"; };
		F4B2AE2E25FCBA9000933CB5 /* Info.plist */ = {isa = PBXFileReference; lastKnownFileType = text.plist.xml; path = Info.plist; sourceTree = "<group>"; };
		F4B2AE4025FCBB3900933CB5 /* FilterCollectionViewCell.swift */ = {isa = PBXFileReference; lastKnownFileType = sourcecode.swift; path = FilterCollectionViewCell.swift; sourceTree = "<group>"; };
/* End PBXFileReference section */

/* Begin PBXFrameworksBuildPhase section */
		F4B2AE0425FCBA8D00933CB5 /* Frameworks */ = {
			isa = PBXFrameworksBuildPhase;
			buildActionMask = 2147483647;
			files = (
			);
			runOnlyForDeploymentPostprocessing = 0;
		};
		F4B2AE1A25FCBA9000933CB5 /* Frameworks */ = {
			isa = PBXFrameworksBuildPhase;
			buildActionMask = 2147483647;
			files = (
			);
			runOnlyForDeploymentPostprocessing = 0;
		};
		F4B2AE2525FCBA9000933CB5 /* Frameworks */ = {
			isa = PBXFrameworksBuildPhase;
			buildActionMask = 2147483647;
			files = (
			);
			runOnlyForDeploymentPostprocessing = 0;
		};
/* End PBXFrameworksBuildPhase section */

/* Begin PBXGroup section */
		F4B2ADFE25FCBA8D00933CB5 = {
			isa = PBXGroup;
			children = (
				F4B2AE0925FCBA8D00933CB5 /* SmartCamera */,
				F4B2AE2025FCBA9000933CB5 /* SmartCameraTests */,
				F4B2AE2B25FCBA9000933CB5 /* SmartCameraUITests */,
				F4B2AE0825FCBA8D00933CB5 /* Products */,
			);
			sourceTree = "<group>";
		};
		F4B2AE0825FCBA8D00933CB5 /* Products */ = {
			isa = PBXGroup;
			children = (
				F4B2AE0725FCBA8D00933CB5 /* SmartCamera.app */,
				F4B2AE1D25FCBA9000933CB5 /* SmartCameraTests.xctest */,
				F4B2AE2825FCBA9000933CB5 /* SmartCameraUITests.xctest */,
			);
			name = Products;
			sourceTree = "<group>";
		};
		F4B2AE0925FCBA8D00933CB5 /* SmartCamera */ = {
			isa = PBXGroup;
			children = (
				F4B2AE0A25FCBA8D00933CB5 /* AppDelegate.swift */,
				F4B2AE0E25FCBA8D00933CB5 /* ViewController.swift */,
				F4B2AE1025FCBA8D00933CB5 /* Main.storyboard */,
				F4B2AE1325FCBA9000933CB5 /* Assets.xcassets */,
				F4B2AE1525FCBA9000933CB5 /* LaunchScreen.storyboard */,
				F4B2AE1825FCBA9000933CB5 /* Info.plist */,
				F4B2AE4025FCBB3900933CB5 /* FilterCollectionViewCell.swift */,
			);
			path = SmartCamera;
			sourceTree = "<group>";
		};
		F4B2AE2025FCBA9000933CB5 /* SmartCameraTests */ = {
			isa = PBXGroup;
			children = (
				F4B2AE2125FCBA9000933CB5 /* SmartCameraTests.swift */,
				F4B2AE2325FCBA9000933CB5 /* Info.plist */,
			);
			path = SmartCameraTests;
			sourceTree = "<group>";
		};
		F4B2AE2B25FCBA9000933CB5 /* SmartCameraUITests */ = {
			isa = PBXGroup;
			children = (
				F4B2AE2C25FCBA9000933CB5 /* SmartCameraUITests.swift */,
				F4B2AE2E25FCBA9000933CB5 /* Info.plist */,
			);
			path = SmartCameraUITests;
			sourceTree = "<group>";
		};
/* End PBXGroup section */

/* Begin PBXNativeTarget section */
		F4B2AE0625FCBA8D00933CB5 /* SmartCamera */ = {
			isa = PBXNativeTarget;
			buildConfigurationList = F4B2AE3125FCBA9000933CB5 /* Build configuration list for PBXNativeTarget "SmartCamera" */;
			buildPhases = (
				F4B2AE0325FCBA8D00933CB5 /* Sources */,
				F4B2AE0425FCBA8D00933CB5 /* Frameworks */,
				F4B2AE0525FCBA8D00933CB5 /* Resources */,
			);
			buildRules = (
			);
			dependencies = (
			);
			name = SmartCamera;
			productName = SmartCamera;
			productReference = F4B2AE0725FCBA8D00933CB5 /* SmartCamera.app */;
			productType = "com.apple.product-type.application";
		};
		F4B2AE1C25FCBA9000933CB5 /* SmartCameraTests */ = {
			isa = PBXNativeTarget;
			buildConfigurationList = F4B2AE3425FCBA9000933CB5 /* Build configuration list for PBXNativeTarget "SmartCameraTests" */;
			buildPhases = (
				F4B2AE1925FCBA9000933CB5 /* Sources */,
				F4B2AE1A25FCBA9000933CB5 /* Frameworks */,
				F4B2AE1B25FCBA9000933CB5 /* Resources */,
			);
			buildRules = (
			);
			dependencies = (
				F4B2AE1F25FCBA9000933CB5 /* PBXTargetDependency */,
			);
			name = SmartCameraTests;
			productName = SmartCameraTests;
			productReference = F4B2AE1D25FCBA9000933CB5 /* SmartCameraTests.xctest */;
			productType = "com.apple.product-type.bundle.unit-test";
		};
		F4B2AE2725FCBA9000933CB5 /* SmartCameraUITests */ = {
			isa = PBXNativeTarget;
			buildConfigurationList = F4B2AE3725FCBA9000933CB5 /* Build configuration list for PBXNativeTarget "SmartCameraUITests" */;
			buildPhases = (
				F4B2AE2425FCBA9000933CB5 /* Sources */,
				F4B2AE2525FCBA9000933CB5 /* Frameworks */,
				F4B2AE2625FCBA9000933CB5 /* Resources */,
			);
			buildRules = (
			);
			dependencies = (
				F4B2AE2A25FCBA9000933CB5 /* PBXTargetDependency */,
			);
			name = SmartCameraUITests;
			productName = SmartCameraUITests;
			productReference = F4B2AE2825FCBA9000933CB5 /* SmartCameraUITests.xctest */;
			productType = "com.apple.product-type.bundle.ui-testing";
		};
/* End PBXNativeTarget section */

/* Begin PBXProject section */
		F4B2ADFF25FCBA8D00933CB5 /* Project object */ = {
			isa = PBXProject;
			attributes = {
				LastSwiftUpdateCheck = 1230;
				LastUpgradeCheck = 1230;
				TargetAttributes = {
					F4B2AE0625FCBA8D00933CB5 = {
						CreatedOnToolsVersion = 12.3;
					};
					F4B2AE1C25FCBA9000933CB5 = {
						CreatedOnToolsVersion = 12.3;
						TestTargetID = F4B2AE0625FCBA8D00933CB5;
					};
					F4B2AE2725FCBA9000933CB5 = {
						CreatedOnToolsVersion = 12.3;
						TestTargetID = F4B2AE0625FCBA8D00933CB5;
					};
				};
			};
			buildConfigurationList = F4B2AE0225FCBA8D00933CB5 /* Build configuration list for PBXProject "SmartCamera" */;
			compatibilityVersion = "Xcode 9.3";
			developmentRegion = en;
			hasScannedForEncodings = 0;
			knownRegions = (
				en,
				Base,
			);
			mainGroup = F4B2ADFE25FCBA8D00933CB5;
			productRefGroup = F4B2AE0825FCBA8D00933CB5 /* Products */;
			projectDirPath = "";
			projectRoot = "";
			targets = (
				F4B2AE0625FCBA8D00933CB5 /* SmartCamera */,
				F4B2AE1C25FCBA9000933CB5 /* SmartCameraTests */,
				F4B2AE2725FCBA9000933CB5 /* SmartCameraUITests */,
			);
		};
/* End PBXProject section */

/* Begin PBXResourcesBuildPhase section */
		F4B2AE0525FCBA8D00933CB5 /* Resources */ = {
			isa = PBXResourcesBuildPhase;
			buildActionMask = 2147483647;
			files = (
				F4B2AE1725FCBA9000933CB5 /* LaunchScreen.storyboard in Resources */,
				F4B2AE1425FCBA9000933CB5 /* Assets.xcassets in Resources */,
				F4B2AE1225FCBA8D00933CB5 /* Main.storyboard in Resources */,
			);
			runOnlyForDeploymentPostprocessing = 0;
		};
		F4B2AE1B25FCBA9000933CB5 /* Resources */ = {
			isa = PBXResourcesBuildPhase;
			buildActionMask = 2147483647;
			files = (
			);
			runOnlyForDeploymentPostprocessing = 0;
		};
		F4B2AE2625FCBA9000933CB5 /* Resources */ = {
			isa = PBXResourcesBuildPhase;
			buildActionMask = 2147483647;
			files = (
			);
			runOnlyForDeploymentPostprocessing = 0;
		};
/* End PBXResourcesBuildPhase section */

/* Begin PBXSourcesBuildPhase section */
		F4B2AE0325FCBA8D00933CB5 /* Sources */ = {
			isa = PBXSourcesBuildPhase;
			buildActionMask = 2147483647;
			files = (
				F4B2AE0F25FCBA8D00933CB5 /* ViewController.swift in Sources */,
				F4B2AE0B25FCBA8D00933CB5 /* AppDelegate.swift in Sources */,
				F4B2AE4125FCBB3900933CB5 /* FilterCollectionViewCell.swift in Sources */,
			);
			runOnlyForDeploymentPostprocessing = 0;
		};
		F4B2AE1925FCBA9000933CB5 /* Sources */ = {
			isa = PBXSourcesBuildPhase;
			buildActionMask = 2147483647;
			files = (
				F4B2AE2225FCBA9000933CB5 /* SmartCameraTests.swift in Sources */,
			);
			runOnlyForDeploymentPostprocessing = 0;
		};
		F4B2AE2425FCBA9000933CB5 /* Sources */ = {
			isa = PBXSourcesBuildPhase;
			buildActionMask = 2147483647;
			files = (
				F4B2AE2D25FCBA9000933CB5 /* SmartCameraUITests.swift in Sources */,
			);
			runOnlyForDeploymentPostprocessing = 0;
		};
/* End PBXSourcesBuildPhase section */

/* Begin PBXTargetDependency section */
		F4B2AE1F25FCBA9000933CB5 /* PBXTargetDependency */ = {
			isa = PBXTargetDependency;
			target = F4B2AE0625FCBA8D00933CB5 /* SmartCamera */;
			targetProxy = F4B2AE1E25FCBA9000933CB5 /* PBXContainerItemProxy */;
		};
		F4B2AE2A25FCBA9000933CB5 /* PBXTargetDependency */ = {
			isa = PBXTargetDependency;
			target = F4B2AE0625FCBA8D00933CB5 /* SmartCamera */;
			targetProxy = F4B2AE2925FCBA9000933CB5 /* PBXContainerItemProxy */;
		};
/* End PBXTargetDependency section */

/* Begin PBXVariantGroup section */
		F4B2AE1025FCBA8D00933CB5 /* Main.storyboard */ = {
			isa = PBXVariantGroup;
			children = (
				F4B2AE1125FCBA8D00933CB5 /* Base */,
			);
			name = Main.storyboard;
			sourceTree = "<group>";
		};
		F4B2AE1525FCBA9000933CB5 /* LaunchScreen.storyboard */ = {
			isa = PBXVariantGroup;
			children = (
				F4B2AE1625FCBA9000933CB5 /* Base */,
			);
			name = LaunchScreen.storyboard;
			sourceTree = "<group>";
		};
/* End PBXVariantGroup section */

/* Begin XCBuildConfiguration section */
		F4B2AE2F25FCBA9000933CB5 /* Debug */ = {
			isa = XCBuildConfiguration;
			buildSettings = {
				ALWAYS_SEARCH_USER_PATHS = NO;
				CLANG_ANALYZER_NONNULL = YES;
				CLANG_ANALYZER_NUMBER_OBJECT_CONVERSION = YES_AGGRESSIVE;
				CLANG_CXX_LANGUAGE_STANDARD = "gnu++14";
				CLANG_CXX_LIBRARY = "libc++";
				CLANG_ENABLE_MODULES = YES;
				CLANG_ENABLE_OBJC_ARC = YES;
				CLANG_ENABLE_OBJC_WEAK = YES;
				CLANG_WARN_BLOCK_CAPTURE_AUTORELEASING = YES;
				CLANG_WARN_BOOL_CONVERSION = YES;
				CLANG_WARN_COMMA = YES;
				CLANG_WARN_CONSTANT_CONVERSION = YES;
				CLANG_WARN_DEPRECATED_OBJC_IMPLEMENTATIONS = YES;
				CLANG_WARN_DIRECT_OBJC_ISA_USAGE = YES_ERROR;
				CLANG_WARN_DOCUMENTATION_COMMENTS = YES;
				CLANG_WARN_EMPTY_BODY = YES;
				CLANG_WARN_ENUM_CONVERSION = YES;
				CLANG_WARN_INFINITE_RECURSION = YES;
				CLANG_WARN_INT_CONVERSION = YES;
				CLANG_WARN_NON_LITERAL_NULL_CONVERSION = YES;
				CLANG_WARN_OBJC_IMPLICIT_RETAIN_SELF = YES;
				CLANG_WARN_OBJC_LITERAL_CONVERSION = YES;
				CLANG_WARN_OBJC_ROOT_CLASS = YES_ERROR;
				CLANG_WARN_QUOTED_INCLUDE_IN_FRAMEWORK_HEADER = YES;
				CLANG_WARN_RANGE_LOOP_ANALYSIS = YES;
				CLANG_WARN_STRICT_PROTOTYPES = YES;
				CLANG_WARN_SUSPICIOUS_MOVE = YES;
				CLANG_WARN_UNGUARDED_AVAILABILITY = YES_AGGRESSIVE;
				CLANG_WARN_UNREACHABLE_CODE = YES;
				CLANG_WARN__DUPLICATE_METHOD_MATCH = YES;
				COPY_PHASE_STRIP = NO;
				DEBUG_INFORMATION_FORMAT = dwarf;
				ENABLE_STRICT_OBJC_MSGSEND = YES;
				ENABLE_TESTABILITY = YES;
				GCC_C_LANGUAGE_STANDARD = gnu11;
				GCC_DYNAMIC_NO_PIC = NO;
				GCC_NO_COMMON_BLOCKS = YES;
				GCC_OPTIMIZATION_LEVEL = 0;
				GCC_PREPROCESSOR_DEFINITIONS = (
					"DEBUG=1",
					"$(inherited)",
				);
				GCC_WARN_64_TO_32_BIT_CONVERSION = YES;
				GCC_WARN_ABOUT_RETURN_TYPE = YES_ERROR;
				GCC_WARN_UNDECLARED_SELECTOR = YES;
				GCC_WARN_UNINITIALIZED_AUTOS = YES_AGGRESSIVE;
				GCC_WARN_UNUSED_FUNCTION = YES;
				GCC_WARN_UNUSED_VARIABLE = YES;
				IPHONEOS_DEPLOYMENT_TARGET = 14.3;
				MTL_ENABLE_DEBUG_INFO = INCLUDE_SOURCE;
				MTL_FAST_MATH = YES;
				ONLY_ACTIVE_ARCH = YES;
				SDKROOT = iphoneos;
				SWIFT_ACTIVE_COMPILATION_CONDITIONS = DEBUG;
				SWIFT_OPTIMIZATION_LEVEL = "-Onone";
			};
			name = Debug;
		};
		F4B2AE3025FCBA9000933CB5 /* Release */ = {
			isa = XCBuildConfiguration;
			buildSettings = {
				ALWAYS_SEARCH_USER_PATHS = NO;
				CLANG_ANALYZER_NONNULL = YES;
				CLANG_ANALYZER_NUMBER_OBJECT_CONVERSION = YES_AGGRESSIVE;
				CLANG_CXX_LANGUAGE_STANDARD = "gnu++14";
				CLANG_CXX_LIBRARY = "libc++";
				CLANG_ENABLE_MODULES = YES;
				CLANG_ENABLE_OBJC_ARC = YES;
				CLANG_ENABLE_OBJC_WEAK = YES;
				CLANG_WARN_BLOCK_CAPTURE_AUTORELEASING = YES;
				CLANG_WARN_BOOL_CONVERSION = YES;
				CLANG_WARN_COMMA = YES;
				CLANG_WARN_CONSTANT_CONVERSION = YES;
				CLANG_WARN_DEPRECATED_OBJC_IMPLEMENTATIONS = YES;
				CLANG_WARN_DIRECT_OBJC_ISA_USAGE = YES_ERROR;
				CLANG_WARN_DOCUMENTATION_COMMENTS = YES;
				CLANG_WARN_EMPTY_BODY = YES;
				CLANG_WARN_ENUM_CONVERSION = YES;
				CLANG_WARN_INFINITE_RECURSION = YES;
				CLANG_WARN_INT_CONVERSION = YES;
				CLANG_WARN_NON_LITERAL_NULL_CONVERSION = YES;
				CLANG_WARN_OBJC_IMPLICIT_RETAIN_SELF = YES;
				CLANG_WARN_OBJC_LITERAL_CONVERSION = YES;
				CLANG_WARN_OBJC_ROOT_CLASS = YES_ERROR;
				CLANG_WARN_QUOTED_INCLUDE_IN_FRAMEWORK_HEADER = YES;
				CLANG_WARN_RANGE_LOOP_ANALYSIS = YES;
				CLANG_WARN_STRICT_PROTOTYPES = YES;
				CLANG_WARN_SUSPICIOUS_MOVE = YES;
				CLANG_WARN_UNGUARDED_AVAILABILITY = YES_AGGRESSIVE;
				CLANG_WARN_UNREACHABLE_CODE = YES;
				CLANG_WARN__DUPLICATE_METHOD_MATCH = YES;
				COPY_PHASE_STRIP = NO;
				DEBUG_INFORMATION_FORMAT = "dwarf-with-dsym";
				ENABLE_NS_ASSERTIONS = NO;
				ENABLE_STRICT_OBJC_MSGSEND = YES;
				GCC_C_LANGUAGE_STANDARD = gnu11;
				GCC_NO_COMMON_BLOCKS = YES;
				GCC_WARN_64_TO_32_BIT_CONVERSION = YES;
				GCC_WARN_ABOUT_RETURN_TYPE = YES_ERROR;
				GCC_WARN_UNDECLARED_SELECTOR = YES;
				GCC_WARN_UNINITIALIZED_AUTOS = YES_AGGRESSIVE;
				GCC_WARN_UNUSED_FUNCTION = YES;
				GCC_WARN_UNUSED_VARIABLE = YES;
				IPHONEOS_DEPLOYMENT_TARGET = 14.3;
				MTL_ENABLE_DEBUG_INFO = NO;
				MTL_FAST_MATH = YES;
				SDKROOT = iphoneos;
				SWIFT_COMPILATION_MODE = wholemodule;
				SWIFT_OPTIMIZATION_LEVEL = "-O";
				VALIDATE_PRODUCT = YES;
			};
			name = Release;
		};
		F4B2AE3225FCBA9000933CB5 /* Debug */ = {
			isa = XCBuildConfiguration;
			buildSettings = {
				ASSETCATALOG_COMPILER_APPICON_NAME = AppIcon;
				ASSETCATALOG_COMPILER_GLOBAL_ACCENT_COLOR_NAME = AccentColor;
				CODE_SIGN_STYLE = Automatic;
				DEVELOPMENT_TEAM = CNG79B32AZ;
				INFOPLIST_FILE = SmartCamera/Info.plist;
				IPHONEOS_DEPLOYMENT_TARGET = 11.0;
				LD_RUNPATH_SEARCH_PATHS = (
					"$(inherited)",
					"@executable_path/Frameworks",
				);
				PRODUCT_BUNDLE_IDENTIFIER = com.banjodayo.SmartCamera;
				PRODUCT_NAME = "$(TARGET_NAME)";
				SWIFT_VERSION = 5.0;
				TARGETED_DEVICE_FAMILY = "1,2";
			};
			name = Debug;
		};
		F4B2AE3325FCBA9000933CB5 /* Release */ = {
			isa = XCBuildConfiguration;
			buildSettings = {
				ASSETCATALOG_COMPILER_APPICON_NAME = AppIcon;
				ASSETCATALOG_COMPILER_GLOBAL_ACCENT_COLOR_NAME = AccentColor;
				CODE_SIGN_STYLE = Automatic;
				DEVELOPMENT_TEAM = CNG79B32AZ;
				INFOPLIST_FILE = SmartCamera/Info.plist;
				IPHONEOS_DEPLOYMENT_TARGET = 11.0;
				LD_RUNPATH_SEARCH_PATHS = (
					"$(inherited)",
					"@executable_path/Frameworks",
				);
				PRODUCT_BUNDLE_IDENTIFIER = com.banjodayo.SmartCamera;
				PRODUCT_NAME = "$(TARGET_NAME)";
				SWIFT_VERSION = 5.0;
				TARGETED_DEVICE_FAMILY = "1,2";
			};
			name = Release;
		};
		F4B2AE3525FCBA9000933CB5 /* Debug */ = {
			isa = XCBuildConfiguration;
			buildSettings = {
				ALWAYS_EMBED_SWIFT_STANDARD_LIBRARIES = YES;
				BUNDLE_LOADER = "$(TEST_HOST)";
				CODE_SIGN_STYLE = Automatic;
				DEVELOPMENT_TEAM = CNG79B32AZ;
				INFOPLIST_FILE = SmartCameraTests/Info.plist;
				IPHONEOS_DEPLOYMENT_TARGET = 14.3;
				LD_RUNPATH_SEARCH_PATHS = (
					"$(inherited)",
					"@executable_path/Frameworks",
					"@loader_path/Frameworks",
				);
				PRODUCT_BUNDLE_IDENTIFIER = com.banjodayo.SmartCameraTests;
				PRODUCT_NAME = "$(TARGET_NAME)";
				SWIFT_VERSION = 5.0;
				TARGETED_DEVICE_FAMILY = "1,2";
				TEST_HOST = "$(BUILT_PRODUCTS_DIR)/SmartCamera.app/SmartCamera";
			};
			name = Debug;
		};
		F4B2AE3625FCBA9000933CB5 /* Release */ = {
			isa = XCBuildConfiguration;
			buildSettings = {
				ALWAYS_EMBED_SWIFT_STANDARD_LIBRARIES = YES;
				BUNDLE_LOADER = "$(TEST_HOST)";
				CODE_SIGN_STYLE = Automatic;
				DEVELOPMENT_TEAM = CNG79B32AZ;
				INFOPLIST_FILE = SmartCameraTests/Info.plist;
				IPHONEOS_DEPLOYMENT_TARGET = 14.3;
				LD_RUNPATH_SEARCH_PATHS = (
					"$(inherited)",
					"@executable_path/Frameworks",
					"@loader_path/Frameworks",
				);
				PRODUCT_BUNDLE_IDENTIFIER = com.banjodayo.SmartCameraTests;
				PRODUCT_NAME = "$(TARGET_NAME)";
				SWIFT_VERSION = 5.0;
				TARGETED_DEVICE_FAMILY = "1,2";
				TEST_HOST = "$(BUILT_PRODUCTS_DIR)/SmartCamera.app/SmartCamera";
			};
			name = Release;
		};
		F4B2AE3825FCBA9000933CB5 /* Debug */ = {
			isa = XCBuildConfiguration;
			buildSettings = {
				ALWAYS_EMBED_SWIFT_STANDARD_LIBRARIES = YES;
				CODE_SIGN_STYLE = Automatic;
				DEVELOPMENT_TEAM = CNG79B32AZ;
				INFOPLIST_FILE = SmartCameraUITests/Info.plist;
				LD_RUNPATH_SEARCH_PATHS = (
					"$(inherited)",
					"@executable_path/Frameworks",
					"@loader_path/Frameworks",
				);
				PRODUCT_BUNDLE_IDENTIFIER = com.banjodayo.SmartCameraUITests;
				PRODUCT_NAME = "$(TARGET_NAME)";
				SWIFT_VERSION = 5.0;
				TARGETED_DEVICE_FAMILY = "1,2";
				TEST_TARGET_NAME = SmartCamera;
			};
			name = Debug;
		};
		F4B2AE3925FCBA9000933CB5 /* Release */ = {
			isa = XCBuildConfiguration;
			buildSettings = {
				ALWAYS_EMBED_SWIFT_STANDARD_LIBRARIES = YES;
				CODE_SIGN_STYLE = Automatic;
				DEVELOPMENT_TEAM = CNG79B32AZ;
				INFOPLIST_FILE = SmartCameraUITests/Info.plist;
				LD_RUNPATH_SEARCH_PATHS = (
					"$(inherited)",
					"@executable_path/Frameworks",
					"@loader_path/Frameworks",
				);
				PRODUCT_BUNDLE_IDENTIFIER = com.banjodayo.SmartCameraUITests;
				PRODUCT_NAME = "$(TARGET_NAME)";
				SWIFT_VERSION = 5.0;
				TARGETED_DEVICE_FAMILY = "1,2";
				TEST_TARGET_NAME = SmartCamera;
			};
			name = Release;
		};
/* End XCBuildConfiguration section */

/* Begin XCConfigurationList section */
		F4B2AE0225FCBA8D00933CB5 /* Build configuration list for PBXProject "SmartCamera" */ = {
			isa = XCConfigurationList;
			buildConfigurations = (
				F4B2AE2F25FCBA9000933CB5 /* Debug */,
				F4B2AE3025FCBA9000933CB5 /* Release */,
			);
			defaultConfigurationIsVisible = 0;
			defaultConfigurationName = Release;
		};
		F4B2AE3125FCBA9000933CB5 /* Build configuration list for PBXNativeTarget "SmartCamera" */ = {
			isa = XCConfigurationList;
			buildConfigurations = (
				F4B2AE3225FCBA9000933CB5 /* Debug */,
				F4B2AE3325FCBA9000933CB5 /* Release */,
			);
			defaultConfigurationIsVisible = 0;
			defaultConfigurationName = Release;
		};
		F4B2AE3425FCBA9000933CB5 /* Build configuration list for PBXNativeTarget "SmartCameraTests" */ = {
			isa = XCConfigurationList;
			buildConfigurations = (
				F4B2AE3525FCBA9000933CB5 /* Debug */,
				F4B2AE3625FCBA9000933CB5 /* Release */,
			);
			defaultConfigurationIsVisible = 0;
			defaultConfigurationName = Release;
		};
		F4B2AE3725FCBA9000933CB5 /* Build configuration list for PBXNativeTarget "SmartCameraUITests" */ = {
			isa = XCConfigurationList;
			buildConfigurations = (
				F4B2AE3825FCBA9000933CB5 /* Debug */,
				F4B2AE3925FCBA9000933CB5 /* Release */,
			);
			defaultConfigurationIsVisible = 0;
			defaultConfigurationName = Release;
		};
/* End XCConfigurationList section */
	};
	rootObject = F4B2ADFF25FCBA8D00933CB5 /* Project object */;
}
